github.com/IncSW/geoip2 v0.1.1 h1:afzzYF7n9JbdcPy8aiBSgBJuXi4mTWXZ3z6V3o6Vg34=
github.com/IncSW/geoip2 v0.1.1/go.mod h1:adcasR40vXiUBjtzdaTTKL/6wSf+fgO4M8Gve/XzPUk=
github.com/patrickmn/go-cache v2.1.0+incompatible h1:HRMgzkcYKYpi3C8ajMPV8OFXaaRUnok+kx1WdO15EQc=
github.com/patrickmn/go-cache v2.1.0+incompatible/go.mod h1:3Qf8kWWT7OJRJbdiICTKqZju1ZixQ/KpMGzzAfe6+WQ=
